{
  "requires": true,
  "lockfileVersion": 1,
  "dependencies": {
    "@types/alertify": {
      "version": "0.3.30",
      "resolved": "https://registry.npmjs.org/@types/alertify/-/alertify-0.3.30.tgz",
      "integrity": "sha512-+iAo7tnk74mw2DTCrWf/DBLEf3RIaxMGcuUiNtURGUD9w7hOtXGIP5ZabMPXwYZBwAEyB7rSU/BIji+RE+2ifQ=="
    },
    "@types/datatables.net": {
      "version": "1.10.19",
      "resolved": "https://registry.npmjs.org/@types/datatables.net/-/datatables.net-1.10.19.tgz",
      "integrity": "sha512-WuzgytEmsIpVYZbkce+EvK1UqBI7/cwcC/WgYeAtXdq2zi+yWzJwMT5Yb6irAiOi52DBjeAEeRt3bYzFYvHWCQ==",
      "requires": {
        "@types/jquery": "*"
      }
    },
    "@types/jquery": {
      "version": "3.5.5",
      "resolved": "https://registry.npmjs.org/@types/jquery/-/jquery-3.5.5.tgz",
      "integrity": "sha512-6RXU9Xzpc6vxNrS6FPPapN1SxSHgQ336WC6Jj/N8q30OiaBZ00l1GBgeP7usjVZPivSkGUfL1z/WW6TX989M+w==",
      "requires": {
        "@types/sizzle": "*"
      }
    },
    "@types/select2": {
      "version": "4.0.53",
      "resolved": "https://registry.npmjs.org/@types/select2/-/select2-4.0.53.tgz",
      "integrity": "sha512-5+HxxtKgyR954mFL61pNvKenx55gYinkYfSG5tVeItvmHhc2h+yRiGXNTYSwcrAcrUJ2ewLgOxG3STZRsPEnag==",
      "requires": {
        "@types/jquery": "*"
      }
    },
    "@types/sizzle": {
      "version": "2.3.2",
      "resolved": "https://registry.npmjs.org/@types/sizzle/-/sizzle-2.3.2.tgz",
      "integrity": "sha512-7EJYyKTL7tFR8+gDbB6Wwz/arpGa0Mywk1TJbNzKzHtzbwVmY4HR9WqS5VV7dsBUKQmPNr192jHr/VpBluj/hg=="
    },
    "@types/x-editable": {
      "version": "1.5.29",
      "resolved": "https://registry.npmjs.org/@types/x-editable/-/x-editable-1.5.29.tgz",
      "integrity": "sha512-CI1T5pFRUUlWhPlrHnKzPpALEINvpDnCHPtrDAKHiPr5Stq4I2ynpx0AfDlzwtpqCzXjvVqiDHHEmtKyP9Cr+g==",
      "requires": {
        "@types/jquery": "*"
      }
    }
  }
}
